
Microsoft Visual Studio Solution File, Format Version 12.00
# Visual Studio Version 17
VisualStudioVersion = 17.10.35201.131
MinimumVisualStudioVersion = 10.0.40219.1
Project("{FAE04EC0-301F-11D3-BF4B-00C04F79EFBC}") = "Poprigylik", "Poprigylik\Poprigylik.csproj", "{80E315F2-3D13-4D34-8191-450595DC7206}"
EndProject
Global
	GlobalSection(SolutionConfigurationPlatforms) = preSolution
		Debug|Any CPU = Debug|Any CPU
		Release|Any CPU = Release|Any CPU
	EndGlobalSection
	GlobalSection(ProjectConfigurationPlatforms) = postSolution
		{80E315F2-3D13-4D34-8191-450595DC7206}.Debug|Any CPU.ActiveCfg = Debug|Any CPU
		{80E315F2-3D13-4D34-8191-450595DC7206}.Debug|Any CPU.Build.0 = Debug|Any CPU
		{80E315F2-3D13-4D34-8191-450595DC7206}.Release|Any CPU.ActiveCfg = Release|Any CPU
		{80E315F2-3D13-4D34-8191-450595DC7206}.Release|Any CPU.Build.0 = Release|Any CPU
	EndGlobalSection
	GlobalSection(SolutionProperties) = preSolution
		HideSolutionNode = FALSE
	EndGlobalSection
	GlobalSection(ExtensibilityGlobals) = postSolution
		SolutionGuid = {784DDB63-A1D2-4138-A2F9-3537CF7DA775}
	EndGlobalSection
EndGlobal
